
Microsoft Visual Studio Solution File, Format Version 12.00
# Visual Studio Version 16
VisualStudioVersion = 16.0.30204.135
MinimumVisualStudioVersion = 10.0.40219.1
Project("{FAE04EC0-301F-11D3-BF4B-00C04F79EFBC}") = "OOP_FirstGame_IT1B", "OOP_FirstGame_IT1B\OOP_FirstGame_IT1B.csproj", "{B90B7FE9-F2BF-40C9-BA3B-546A27C900EA}"
EndProject
Global
	GlobalSection(SolutionConfigurationPlatforms) = preSolution
		Debug|Any CPU = Debug|Any CPU
		Release|Any CPU = Release|Any CPU
	EndGlobalSection
	GlobalSection(ProjectConfigurationPlatforms) = postSolution
		{B90B7FE9-F2BF-40C9-BA3B-546A27C900EA}.Debug|Any CPU.ActiveCfg = Debug|Any CPU
		{B90B7FE9-F2BF-40C9-BA3B-546A27C900EA}.Debug|Any CPU.Build.0 = Debug|Any CPU
		{B90B7FE9-F2BF-40C9-BA3B-546A27C900EA}.Release|Any CPU.ActiveCfg = Release|Any CPU
		{B90B7FE9-F2BF-40C9-BA3B-546A27C900EA}.Release|Any CPU.Build.0 = Release|Any CPU
	EndGlobalSection
	GlobalSection(SolutionProperties) = preSolution
		HideSolutionNode = FALSE
	EndGlobalSection
	GlobalSection(ExtensibilityGlobals) = postSolution
		SolutionGuid = {BC1134D9-BD7E-470D-91B8-4D55DD7D65C3}
	EndGlobalSection
EndGlobal
